// !$*UTF8*$!
{
	archiveVersion = 1;
	classes = {
	};
	objectVersion = 48;
	objects = {

/* Begin PBXBuildFile section */
		832B589120F7BC8C00F06562 /* BmiIndex.swift in Sources */ = {isa = PBXBuildFile; fileRef = 832B589020F7BC8C00F06562 /* BmiIndex.swift */; };
		834229A020F50D0F00E9A5CA /* CountButtonView.swift in Sources */ = {isa = PBXBuildFile; fileRef = 8342299F20F50D0F00E9A5CA /* CountButtonView.swift */; };
		8387586E20DE21800089E452 /* MetricalCollectionViewCell.swift in Sources */ = {isa = PBXBuildFile; fileRef = 8387586D20DE21800089E452 /* MetricalCollectionViewCell.swift */; };
		8387587320DE444B0089E452 /* Extensions.swift in Sources */ = {isa = PBXBuildFile; fileRef = 8387587220DE444B0089E452 /* Extensions.swift */; };
		8387587520DE766F0089E452 /* ImperialCollectionViewCell.swift in Sources */ = {isa = PBXBuildFile; fileRef = 8387587420DE766F0089E452 /* ImperialCollectionViewCell.swift */; };
		8387587720DE76E80089E452 /* BaseCell.swift in Sources */ = {isa = PBXBuildFile; fileRef = 8387587620DE76E80089E452 /* BaseCell.swift */; };
		8387588320E1916F0089E452 /* PickerSelectedDelegate.swift in Sources */ = {isa = PBXBuildFile; fileRef = 8387588220E1916F0089E452 /* PickerSelectedDelegate.swift */; };
		83A69B9820DC004900F357B8 /* AppDelegate.swift in Sources */ = {isa = PBXBuildFile; fileRef = 83A69B9720DC004900F357B8 /* AppDelegate.swift */; };
		83A69B9A20DC004900F357B8 /* HomeViewController.swift in Sources */ = {isa = PBXBuildFile; fileRef = 83A69B9920DC004900F357B8 /* HomeViewController.swift */; };
		83A69B9F20DC004900F357B8 /* Assets.xcassets in Resources */ = {isa = PBXBuildFile; fileRef = 83A69B9E20DC004900F357B8 /* Assets.xcassets */; };
		83A69BA220DC004900F357B8 /* LaunchScreen.storyboard in Resources */ = {isa = PBXBuildFile; fileRef = 83A69BA020DC004900F357B8 /* LaunchScreen.storyboard */; };
		83A69BAE20DC040300F357B8 /* Bmi.swift in Sources */ = {isa = PBXBuildFile; fileRef = 83A69BAD20DC040300F357B8 /* Bmi.swift */; };
		83D7FFD620F3B36600D3081D /* ResultView.swift in Sources */ = {isa = PBXBuildFile; fileRef = 83D7FFD520F3B36600D3081D /* ResultView.swift */; };
		ACB653B5C1C6943F1DCB21D7 /* Pods_BMI.framework in Frameworks */ = {isa = PBXBuildFile; fileRef = 4210D1B8BBAECE05A2E256FE /* Pods_BMI.framework */; };
		B6E0E60D8951F100AE4657B7 /* BasePicker.swift in Sources */ = {isa = PBXBuildFile; fileRef = B6E0EE47E88EE04FBC473FCC /* BasePicker.swift */; };
		B6E0E8A7F62F3AB03F93ACAC /* BasePickerData.swift in Sources */ = {isa = PBXBuildFile; fileRef = B6E0EA1E6BF78CE969E0F135 /* BasePickerData.swift */; };
/* End PBXBuildFile section */

/* Begin PBXFileReference section */
		4210D1B8BBAECE05A2E256FE /* Pods_BMI.framework */ = {isa = PBXFileReference; explicitFileType = wrapper.framework; includeInIndex = 0; path = Pods_BMI.framework; sourceTree = BUILT_PRODUCTS_DIR; };
		810F728B9C90BAFA7E3E5231 /* Pods-BMI.release.xcconfig */ = {isa = PBXFileReference; includeInIndex = 1; lastKnownFileType = text.xcconfig; name = "Pods-BMI.release.xcconfig"; path = "Pods/Target Support Files/Pods-BMI/Pods-BMI.release.xcconfig"; sourceTree = "<group>"; };
		832B589020F7BC8C00F06562 /* BmiIndex.swift */ = {isa = PBXFileReference; lastKnownFileType = sourcecode.swift; path = BmiIndex.swift; sourceTree = "<group>"; };
		8342299F20F50D0F00E9A5CA /* CountButtonView.swift */ = {isa = PBXFileReference; lastKnownFileType = sourcecode.swift; path = CountButtonView.swift; sourceTree = "<group>"; };
		8387586D20DE21800089E452 /* MetricalCollectionViewCell.swift */ = {isa = PBXFileReference; lastKnownFileType = sourcecode.swift; path = MetricalCollectionViewCell.swift; sourceTree = "<group>"; };
		8387587220DE444B0089E452 /* Extensions.swift */ = {isa = PBXFileReference; lastKnownFileType = sourcecode.swift; path = Extensions.swift; sourceTree = "<group>"; };
		8387587420DE766F0089E452 /* ImperialCollectionViewCell.swift */ = {isa = PBXFileReference; lastKnownFileType = sourcecode.swift; path = ImperialCollectionViewCell.swift; sourceTree = "<group>"; };
		8387587620DE76E80089E452 /* BaseCell.swift */ = {isa = PBXFileReference; lastKnownFileType = sourcecode.swift; path = BaseCell.swift; sourceTree = "<group>"; };
		8387588220E1916F0089E452 /* PickerSelectedDelegate.swift */ = {isa = PBXFileReference; lastKnownFileType = sourcecode.swift; path = PickerSelectedDelegate.swift; sourceTree = "<group>"; };
		83A69B9420DC004800F357B8 /* BMI.app */ = {isa = PBXFileReference; explicitFileType = wrapper.application; includeInIndex = 0; path = BMI.app; sourceTree = BUILT_PRODUCTS_DIR; };
		83A69B9720DC004900F357B8 /* AppDelegate.swift */ = {isa = PBXFileReference; lastKnownFileType = sourcecode.swift; path = AppDelegate.swift; sourceTree = "<group>"; };
		83A69B9920DC004900F357B8 /* HomeViewController.swift */ = {isa = PBXFileReference; lastKnownFileType = sourcecode.swift; path = HomeViewController.swift; sourceTree = "<group>"; };
		83A69B9E20DC004900F357B8 /* Assets.xcassets */ = {isa = PBXFileReference; lastKnownFileType = folder.assetcatalog; path = Assets.xcassets; sourceTree = "<group>"; };
		83A69BA120DC004900F357B8 /* Base */ = {isa = PBXFileReference; lastKnownFileType = file.storyboard; name = Base; path = Base.lproj/LaunchScreen.storyboard; sourceTree = "<group>"; };
		83A69BA320DC004900F357B8 /* Info.plist */ = {isa = PBXFileReference; lastKnownFileType = text.plist.xml; path = Info.plist; sourceTree = "<group>"; };
		83A69BAD20DC040300F357B8 /* Bmi.swift */ = {isa = PBXFileReference; lastKnownFileType = sourcecode.swift; path = Bmi.swift; sourceTree = "<group>"; };
		83D7FFD520F3B36600D3081D /* ResultView.swift */ = {isa = PBXFileReference; fileEncoding = 4; lastKnownFileType = sourcecode.swift; path = ResultView.swift; sourceTree = "<group>"; };
		9DF0290255F95266343003C6 /* Pods-BMI.debug.xcconfig */ = {isa = PBXFileReference; includeInIndex = 1; lastKnownFileType = text.xcconfig; name = "Pods-BMI.debug.xcconfig"; path = "Pods/Target Support Files/Pods-BMI/Pods-BMI.debug.xcconfig"; sourceTree = "<group>"; };
		B6E0EA1E6BF78CE969E0F135 /* BasePickerData.swift */ = {isa = PBXFileReference; fileEncoding = 4; lastKnownFileType = sourcecode.swift; path = BasePickerData.swift; sourceTree = "<group>"; };
		B6E0EE47E88EE04FBC473FCC /* BasePicker.swift */ = {isa = PBXFileReference; fileEncoding = 4; lastKnownFileType = sourcecode.swift; path = BasePicker.swift; sourceTree = "<group>"; };
/* End PBXFileReference section */

/* Begin PBXFrameworksBuildPhase section */
		83A69B9120DC004800F357B8 /* Frameworks */ = {
			isa = PBXFrameworksBuildPhase;
			buildActionMask = 2147483647;
			files = (
				ACB653B5C1C6943F1DCB21D7 /* Pods_BMI.framework in Frameworks */,
			);
			runOnlyForDeploymentPostprocessing = 0;
		};
/* End PBXFrameworksBuildPhase section */

/* Begin PBXGroup section */
		186516C5C6C4B1A480AF35C4 /* Frameworks */ = {
			isa = PBXGroup;
			children = (
				4210D1B8BBAECE05A2E256FE /* Pods_BMI.framework */,
			);
			name = Frameworks;
			sourceTree = "<group>";
		};
		230AFD767457D4A70C2655DB /* Pods */ = {
			isa = PBXGroup;
			children = (
				9DF0290255F95266343003C6 /* Pods-BMI.debug.xcconfig */,
				810F728B9C90BAFA7E3E5231 /* Pods-BMI.release.xcconfig */,
			);
			name = Pods;
			sourceTree = "<group>";
		};
		8387586320DCD2990089E452 /* ViewControllers */ = {
			isa = PBXGroup;
			children = (
				83A69B9920DC004900F357B8 /* HomeViewController.swift */,
			);
			path = ViewControllers;
			sourceTree = "<group>";
		};
		8387586C20DE21620089E452 /* Cells */ = {
			isa = PBXGroup;
			children = (
				8387586D20DE21800089E452 /* MetricalCollectionViewCell.swift */,
				8387587420DE766F0089E452 /* ImperialCollectionViewCell.swift */,
				8387587620DE76E80089E452 /* BaseCell.swift */,
			);
			path = Cells;
			sourceTree = "<group>";
		};
		8387587120DE443C0089E452 /* Extensions */ = {
			isa = PBXGroup;
			children = (
				8387587220DE444B0089E452 /* Extensions.swift */,
			);
			path = Extensions;
			sourceTree = "<group>";
		};
		83A69B8B20DC004800F357B8 = {
			isa = PBXGroup;
			children = (
				83A69B9620DC004800F357B8 /* BMI */,
				83A69B9520DC004800F357B8 /* Products */,
				230AFD767457D4A70C2655DB /* Pods */,
				186516C5C6C4B1A480AF35C4 /* Frameworks */,
			);
			sourceTree = "<group>";
		};
		83A69B9520DC004800F357B8 /* Products */ = {
			isa = PBXGroup;
			children = (
				83A69B9420DC004800F357B8 /* BMI.app */,
			);
			name = Products;
			sourceTree = "<group>";
		};
		83A69B9620DC004800F357B8 /* BMI */ = {
			isa = PBXGroup;
			children = (
				8387587120DE443C0089E452 /* Extensions */,
				8387586C20DE21620089E452 /* Cells */,
				83A69BA920DC008700F357B8 /* BmiCounter */,
				83A69B9720DC004900F357B8 /* AppDelegate.swift */,
				8387586320DCD2990089E452 /* ViewControllers */,
				83A69B9E20DC004900F357B8 /* Assets.xcassets */,
				83A69BA020DC004900F357B8 /* LaunchScreen.storyboard */,
				83A69BA320DC004900F357B8 /* Info.plist */,
				B6E0E41CFD0F13A86C58D4C7 /* Pickers */,
				B6E0E05E96D02BB9210CEDA3 /* Views */,
			);
			path = BMI;
			sourceTree = "<group>";
		};
		83A69BA920DC008700F357B8 /* BmiCounter */ = {
			isa = PBXGroup;
			children = (
				83A69BAD20DC040300F357B8 /* Bmi.swift */,
				832B589020F7BC8C00F06562 /* BmiIndex.swift */,
			);
			path = BmiCounter;
			sourceTree = "<group>";
		};
		B6E0E05E96D02BB9210CEDA3 /* Views */ = {
			isa = PBXGroup;
			children = (
				83D7FFD520F3B36600D3081D /* ResultView.swift */,
				8342299F20F50D0F00E9A5CA /* CountButtonView.swift */,
			);
			path = Views;
			sourceTree = "<group>";
		};
		B6E0E41CFD0F13A86C58D4C7 /* Pickers */ = {
			isa = PBXGroup;
			children = (
				8387588220E1916F0089E452 /* PickerSelectedDelegate.swift */,
				B6E0EE47E88EE04FBC473FCC /* BasePicker.swift */,
				B6E0EA1E6BF78CE969E0F135 /* BasePickerData.swift */,
			);
			path = Pickers;
			sourceTree = "<group>";
		};
/* End PBXGroup section */

/* Begin PBXNativeTarget section */
		83A69B9320DC004800F357B8 /* BMI */ = {
			isa = PBXNativeTarget;
			buildConfigurationList = 83A69BA620DC004900F357B8 /* Build configuration list for PBXNativeTarget "BMI" */;
			buildPhases = (
				F701BB9164588801D365AEDC /* [CP] Check Pods Manifest.lock */,
				83A69B9020DC004800F357B8 /* Sources */,
				83A69B9120DC004800F357B8 /* Frameworks */,
				83A69B9220DC004800F357B8 /* Resources */,
				D2EE0BBCA0CFC7E1139318C3 /* [CP] Embed Pods Frameworks */,
			);
			buildRules = (
			);
			dependencies = (
			);
			name = BMI;
			productName = BMI;
			productReference = 83A69B9420DC004800F357B8 /* BMI.app */;
			productType = "com.apple.product-type.application";
		};
/* End PBXNativeTarget section */

/* Begin PBXProject section */
		83A69B8C20DC004800F357B8 /* Project object */ = {
			isa = PBXProject;
			attributes = {
				LastSwiftUpdateCheck = 0920;
				LastUpgradeCheck = 0940;
				ORGANIZATIONNAME = "Piotr Kupczyk";
				TargetAttributes = {
					83A69B9320DC004800F357B8 = {
						CreatedOnToolsVersion = 9.2;
						ProvisioningStyle = Automatic;
					};
				};
			};
			buildConfigurationList = 83A69B8F20DC004800F357B8 /* Build configuration list for PBXProject "BMI" */;
			compatibilityVersion = "Xcode 8.0";
			developmentRegion = en;
			hasScannedForEncodings = 0;
			knownRegions = (
				en,
				Base,
			);
			mainGroup = 83A69B8B20DC004800F357B8;
			productRefGroup = 83A69B9520DC004800F357B8 /* Products */;
			projectDirPath = "";
			projectRoot = "";
			targets = (
				83A69B9320DC004800F357B8 /* BMI */,
			);
		};
/* End PBXProject section */

/* Begin PBXResourcesBuildPhase section */
		83A69B9220DC004800F357B8 /* Resources */ = {
			isa = PBXResourcesBuildPhase;
			buildActionMask = 2147483647;
			files = (
				83A69BA220DC004900F357B8 /* LaunchScreen.storyboard in Resources */,
				83A69B9F20DC004900F357B8 /* Assets.xcassets in Resources */,
			);
			runOnlyForDeploymentPostprocessing = 0;
		};
/* End PBXResourcesBuildPhase section */

/* Begin PBXShellScriptBuildPhase section */
		D2EE0BBCA0CFC7E1139318C3 /* [CP] Embed Pods Frameworks */ = {
			isa = PBXShellScriptBuildPhase;
			buildActionMask = 2147483647;
			files = (
			);
			inputPaths = (
				"${SRCROOT}/Pods/Target Support Files/Pods-BMI/Pods-BMI-frameworks.sh",
				"${BUILT_PRODUCTS_DIR}/ChameleonFramework/ChameleonFramework.framework",
			);
			name = "[CP] Embed Pods Frameworks";
			outputPaths = (
				"${TARGET_BUILD_DIR}/${FRAMEWORKS_FOLDER_PATH}/ChameleonFramework.framework",
			);
			runOnlyForDeploymentPostprocessing = 0;
			shellPath = /bin/sh;
			shellScript = "\"${SRCROOT}/Pods/Target Support Files/Pods-BMI/Pods-BMI-frameworks.sh\"\n";
			showEnvVarsInLog = 0;
		};
		F701BB9164588801D365AEDC /* [CP] Check Pods Manifest.lock */ = {
			isa = PBXShellScriptBuildPhase;
			buildActionMask = 2147483647;
			files = (
			);
			inputPaths = (
				"${PODS_PODFILE_DIR_PATH}/Podfile.lock",
				"${PODS_ROOT}/Manifest.lock",
			);
			name = "[CP] Check Pods Manifest.lock";
			outputPaths = (
				"$(DERIVED_FILE_DIR)/Pods-BMI-checkManifestLockResult.txt",
			);
			runOnlyForDeploymentPostprocessing = 0;
			shellPath = /bin/sh;
			shellScript = "diff \"${PODS_PODFILE_DIR_PATH}/Podfile.lock\" \"${PODS_ROOT}/Manifest.lock\" > /dev/null\nif [ $? != 0 ] ; then\n    # print error to STDERR\n    echo \"error: The sandbox is not in sync with the Podfile.lock. Run 'pod install' or update your CocoaPods installation.\" >&2\n    exit 1\nfi\n# This output is used by Xcode 'outputs' to avoid re-running this script phase.\necho \"SUCCESS\" > \"${SCRIPT_OUTPUT_FILE_0}\"\n";
			showEnvVarsInLog = 0;
		};
/* End PBXShellScriptBuildPhase section */

/* Begin PBXSourcesBuildPhase section */
		83A69B9020DC004800F357B8 /* Sources */ = {
			isa = PBXSourcesBuildPhase;
			buildActionMask = 2147483647;
			files = (
				834229A020F50D0F00E9A5CA /* CountButtonView.swift in Sources */,
				83A69B9A20DC004900F357B8 /* HomeViewController.swift in Sources */,
				8387587720DE76E80089E452 /* BaseCell.swift in Sources */,
				83D7FFD620F3B36600D3081D /* ResultView.swift in Sources */,
				8387586E20DE21800089E452 /* MetricalCollectionViewCell.swift in Sources */,
				8387587520DE766F0089E452 /* ImperialCollectionViewCell.swift in Sources */,
				83A69B9820DC004900F357B8 /* AppDelegate.swift in Sources */,
				83A69BAE20DC040300F357B8 /* Bmi.swift in Sources */,
				8387588320E1916F0089E452 /* PickerSelectedDelegate.swift in Sources */,
				8387587320DE444B0089E452 /* Extensions.swift in Sources */,
				832B589120F7BC8C00F06562 /* BmiIndex.swift in Sources */,
				B6E0E60D8951F100AE4657B7 /* BasePicker.swift in Sources */,
				B6E0E8A7F62F3AB03F93ACAC /* BasePickerData.swift in Sources */,
			);
			runOnlyForDeploymentPostprocessing = 0;
		};
/* End PBXSourcesBuildPhase section */

/* Begin PBXVariantGroup section */
		83A69BA020DC004900F357B8 /* LaunchScreen.storyboard */ = {
			isa = PBXVariantGroup;
			children = (
				83A69BA120DC004900F357B8 /* Base */,
			);
			name = LaunchScreen.storyboard;
			sourceTree = "<group>";
		};
/* End PBXVariantGroup section */

/* Begin XCBuildConfiguration section */
		83A69BA420DC004900F357B8 /* Debug */ = {
			isa = XCBuildConfiguration;
			buildSettings = {
				ALWAYS_SEARCH_USER_PATHS = NO;
				CLANG_ANALYZER_NONNULL = YES;
				CLANG_ANALYZER_NUMBER_OBJECT_CONVERSION = YES_AGGRESSIVE;
				CLANG_CXX_LANGUAGE_STANDARD = "gnu++14";
				CLANG_CXX_LIBRARY = "libc++";
				CLANG_ENABLE_MODULES = YES;
				CLANG_ENABLE_OBJC_ARC = YES;
				CLANG_WARN_BLOCK_CAPTURE_AUTORELEASING = YES;
				CLANG_WARN_BOOL_CONVERSION = YES;
				CLANG_WARN_COMMA = YES;
				CLANG_WARN_CONSTANT_CONVERSION = YES;
				CLANG_WARN_DEPRECATED_OBJC_IMPLEMENTATIONS = YES;
				CLANG_WARN_DIRECT_OBJC_ISA_USAGE = YES_ERROR;
				CLANG_WARN_DOCUMENTATION_COMMENTS = YES;
				CLANG_WARN_EMPTY_BODY = YES;
				CLANG_WARN_ENUM_CONVERSION = YES;
				CLANG_WARN_INFINITE_RECURSION = YES;
				CLANG_WARN_INT_CONVERSION = YES;
				CLANG_WARN_NON_LITERAL_NULL_CONVERSION = YES;
				CLANG_WARN_OBJC_IMPLICIT_RETAIN_SELF = YES;
				CLANG_WARN_OBJC_LITERAL_CONVERSION = YES;
				CLANG_WARN_OBJC_ROOT_CLASS = YES_ERROR;
				CLANG_WARN_RANGE_LOOP_ANALYSIS = YES;
				CLANG_WARN_STRICT_PROTOTYPES = YES;
				CLANG_WARN_SUSPICIOUS_MOVE = YES;
				CLANG_WARN_UNGUARDED_AVAILABILITY = YES_AGGRESSIVE;
				CLANG_WARN_UNREACHABLE_CODE = YES;
				CLANG_WARN__DUPLICATE_METHOD_MATCH = YES;
				CODE_SIGN_IDENTITY = "iPhone Developer";
				COPY_PHASE_STRIP = NO;
				DEBUG_INFORMATION_FORMAT = dwarf;
				ENABLE_STRICT_OBJC_MSGSEND = YES;
				ENABLE_TESTABILITY = YES;
				GCC_C_LANGUAGE_STANDARD = gnu11;
				GCC_DYNAMIC_NO_PIC = NO;
				GCC_NO_COMMON_BLOCKS = YES;
				GCC_OPTIMIZATION_LEVEL = 0;
				GCC_PREPROCESSOR_DEFINITIONS = (
					"DEBUG=1",
					"$(inherited)",
				);
				GCC_WARN_64_TO_32_BIT_CONVERSION = YES;
				GCC_WARN_ABOUT_RETURN_TYPE = YES_ERROR;
				GCC_WARN_UNDECLARED_SELECTOR = YES;
				GCC_WARN_UNINITIALIZED_AUTOS = YES_AGGRESSIVE;
				GCC_WARN_UNUSED_FUNCTION = YES;
				GCC_WARN_UNUSED_VARIABLE = YES;
				IPHONEOS_DEPLOYMENT_TARGET = 11.2;
				MTL_ENABLE_DEBUG_INFO = YES;
				ONLY_ACTIVE_ARCH = YES;
				SDKROOT = iphoneos;
				SWIFT_ACTIVE_COMPILATION_CONDITIONS = DEBUG;
				SWIFT_OPTIMIZATION_LEVEL = "-Onone";
			};
			name = Debug;
		};
		83A69BA520DC004900F357B8 /* Release */ = {
			isa = XCBuildConfiguration;
			buildSettings = {
				ALWAYS_SEARCH_USER_PATHS = NO;
				CLANG_ANALYZER_NONNULL = YES;
				CLANG_ANALYZER_NUMBER_OBJECT_CONVERSION = YES_AGGRESSIVE;
				CLANG_CXX_LANGUAGE_STANDARD = "gnu++14";
				CLANG_CXX_LIBRARY = "libc++";
				CLANG_ENABLE_MODULES = YES;
				CLANG_ENABLE_OBJC_ARC = YES;
				CLANG_WARN_BLOCK_CAPTURE_AUTORELEASING = YES;
				CLANG_WARN_BOOL_CONVERSION = YES;
				CLANG_WARN_COMMA = YES;
				CLANG_WARN_CONSTANT_CONVERSION = YES;
				CLANG_WARN_DEPRECATED_OBJC_IMPLEMENTATIONS = YES;
				CLANG_WARN_DIRECT_OBJC_ISA_USAGE = YES_ERROR;
				CLANG_WARN_DOCUMENTATION_COMMENTS = YES;
				CLANG_WARN_EMPTY_BODY = YES;
				CLANG_WARN_ENUM_CONVERSION = YES;
				CLANG_WARN_INFINITE_RECURSION = YES;
				CLANG_WARN_INT_CONVERSION = YES;
				CLANG_WARN_NON_LITERAL_NULL_CONVERSION = YES;
				CLANG_WARN_OBJC_IMPLICIT_RETAIN_SELF = YES;
				CLANG_WARN_OBJC_LITERAL_CONVERSION = YES;
				CLANG_WARN_OBJC_ROOT_CLASS = YES_ERROR;
				CLANG_WARN_RANGE_LOOP_ANALYSIS = YES;
				CLANG_WARN_STRICT_PROTOTYPES = YES;
				CLANG_WARN_SUSPICIOUS_MOVE = YES;
				CLANG_WARN_UNGUARDED_AVAILABILITY = YES_AGGRESSIVE;
				CLANG_WARN_UNREACHABLE_CODE = YES;
				CLANG_WARN__DUPLICATE_METHOD_MATCH = YES;
				CODE_SIGN_IDENTITY = "iPhone Developer";
				COPY_PHASE_STRIP = NO;
				DEBUG_INFORMATION_FORMAT = "dwarf-with-dsym";
				ENABLE_NS_ASSERTIONS = NO;
				ENABLE_STRICT_OBJC_MSGSEND = YES;
				GCC_C_LANGUAGE_STANDARD = gnu11;
				GCC_NO_COMMON_BLOCKS = YES;
				GCC_WARN_64_TO_32_BIT_CONVERSION = YES;
				GCC_WARN_ABOUT_RETURN_TYPE = YES_ERROR;
				GCC_WARN_UNDECLARED_SELECTOR = YES;
				GCC_WARN_UNINITIALIZED_AUTOS = YES_AGGRESSIVE;
				GCC_WARN_UNUSED_FUNCTION = YES;
				GCC_WARN_UNUSED_VARIABLE = YES;
				IPHONEOS_DEPLOYMENT_TARGET = 11.2;
				MTL_ENABLE_DEBUG_INFO = NO;
				SDKROOT = iphoneos;
				SWIFT_OPTIMIZATION_LEVEL = "-Owholemodule";
				VALIDATE_PRODUCT = YES;
			};
			name = Release;
		};
		83A69BA720DC004900F357B8 /* Debug */ = {
			isa = XCBuildConfiguration;
			baseConfigurationReference = 9DF0290255F95266343003C6 /* Pods-BMI.debug.xcconfig */;
			buildSettings = {
				ASSETCATALOG_COMPILER_APPICON_NAME = AppIcon;
				CODE_SIGN_STYLE = Automatic;
				DEVELOPMENT_TEAM = WM3KRQ8CEV;
				INFOPLIST_FILE = BMI/Info.plist;
				LD_RUNPATH_SEARCH_PATHS = "$(inherited) @executable_path/Frameworks";
				PRODUCT_BUNDLE_IDENTIFIER = com.piotrkupczyk.BMI;
				PRODUCT_NAME = "$(TARGET_NAME)";
				SWIFT_VERSION = 4.0;
				TARGETED_DEVICE_FAMILY = "1,2";
			};
			name = Debug;
		};
		83A69BA820DC004900F357B8 /* Release */ = {
			isa = XCBuildConfiguration;
			baseConfigurationReference = 810F728B9C90BAFA7E3E5231 /* Pods-BMI.release.xcconfig */;
			buildSettings = {
				ASSETCATALOG_COMPILER_APPICON_NAME = AppIcon;
				CODE_SIGN_STYLE = Automatic;
				DEVELOPMENT_TEAM = WM3KRQ8CEV;
				INFOPLIST_FILE = BMI/Info.plist;
				LD_RUNPATH_SEARCH_PATHS = "$(inherited) @executable_path/Frameworks";
				PRODUCT_BUNDLE_IDENTIFIER = com.piotrkupczyk.BMI;
				PRODUCT_NAME = "$(TARGET_NAME)";
				SWIFT_VERSION = 4.0;
				TARGETED_DEVICE_FAMILY = "1,2";
			};
			name = Release;
		};
/* End XCBuildConfiguration section */

/* Begin XCConfigurationList section */
		83A69B8F20DC004800F357B8 /* Build configuration list for PBXProject "BMI" */ = {
			isa = XCConfigurationList;
			buildConfigurations = (
				83A69BA420DC004900F357B8 /* Debug */,
				83A69BA520DC004900F357B8 /* Release */,
			);
			defaultConfigurationIsVisible = 0;
			defaultConfigurationName = Release;
		};
		83A69BA620DC004900F357B8 /* Build configuration list for PBXNativeTarget "BMI" */ = {
			isa = XCConfigurationList;
			buildConfigurations = (
				83A69BA720DC004900F357B8 /* Debug */,
				83A69BA820DC004900F357B8 /* Release */,
			);
			defaultConfigurationIsVisible = 0;
			defaultConfigurationName = Release;
		};
/* End XCConfigurationList section */
	};
	rootObject = 83A69B8C20DC004800F357B8 /* Project object */;
}
